# Local inference is intentionally isolated from Kaggle. Install this into Python 3.12.
# Choose the CUDA index and wheel appropriate to the machine, then verify it against stage1_manifest.json.
torch==2.10.0
torchvision==0.25.0
numpy==2.2.6
Pillow==11.3.0
PyYAML==6.0.2
scikit-learn==1.7.1
scikit-image==0.25.2
matplotlib==3.10.5
pytest==8.4.1
